// !$*UTF8*$!
{
	archiveVersion = 1;
	classes = {
	};
	objectVersion = 50;
	objects = {

/* Begin PBXBuildFile section */
		970505492695050800EEB566 /* EmojiArt.swift in Sources */ = {isa = PBXBuildFile; fileRef = 970505482695050800EEB566 /* EmojiArt.swift */; };
		9705054B2695184200EEB566 /* EmojiArtExtensions.swift in Sources */ = {isa = PBXBuildFile; fileRef = 9705054A2695184200EEB566 /* EmojiArtExtensions.swift */; };
		97140422269A32090054E4E6 /* Spinning.swift in Sources */ = {isa = PBXBuildFile; fileRef = 97140421269A32090054E4E6 /* Spinning.swift */; };
		97140424269A868D0054E4E6 /* PaletteChooser.swift in Sources */ = {isa = PBXBuildFile; fileRef = 97140423269A868D0054E4E6 /* PaletteChooser.swift */; };
		97140426269A8C050054E4E6 /* EmojiArtDocumentPalette.swift in Sources */ = {isa = PBXBuildFile; fileRef = 97140425269A8C050054E4E6 /* EmojiArtDocumentPalette.swift */; };
		971B4C082697D45E00A47AF3 /* OptionalImage.swift in Sources */ = {isa = PBXBuildFile; fileRef = 971B4C072697D45E00A47AF3 /* OptionalImage.swift */; };
		971B4C0A2697DD3C00A47AF3 /* AnimatableSystemFontModifier.swift in Sources */ = {isa = PBXBuildFile; fileRef = 971B4C092697DD3C00A47AF3 /* AnimatableSystemFontModifier.swift */; };
		9747DA622693D340006C563E /* EmojiArtApp.swift in Sources */ = {isa = PBXBuildFile; fileRef = 9747DA612693D340006C563E /* EmojiArtApp.swift */; };
		9747DA642693D340006C563E /* EmojiArtDocumentView.swift in Sources */ = {isa = PBXBuildFile; fileRef = 9747DA632693D340006C563E /* EmojiArtDocumentView.swift */; };
		9747DA662693D341006C563E /* Assets.xcassets in Resources */ = {isa = PBXBuildFile; fileRef = 9747DA652693D341006C563E /* Assets.xcassets */; };
		9747DA692693D341006C563E /* Preview Assets.xcassets in Resources */ = {isa = PBXBuildFile; fileRef = 9747DA682693D341006C563E /* Preview Assets.xcassets */; };
		9747DA712693D585006C563E /* EmojiArtDocument.swift in Sources */ = {isa = PBXBuildFile; fileRef = 9747DA702693D585006C563E /* EmojiArtDocument.swift */; };
		97BB57DA269F8AB0009F8BB1 /* EmojiArtDocumentStore.swift in Sources */ = {isa = PBXBuildFile; fileRef = 97BB57D8269F8AB0009F8BB1 /* EmojiArtDocumentStore.swift */; };
		97BB57DB269F8AB0009F8BB1 /* EditableText.swift in Sources */ = {isa = PBXBuildFile; fileRef = 97BB57D9269F8AB0009F8BB1 /* EditableText.swift */; };
		97BB57DD269F993F009F8BB1 /* EmojiArtDocumentChooser.swift in Sources */ = {isa = PBXBuildFile; fileRef = 97BB57DC269F993F009F8BB1 /* EmojiArtDocumentChooser.swift */; };
		97C523CB269E5DAE004495F3 /* Grid.swift in Sources */ = {isa = PBXBuildFile; fileRef = 97C523C9269E5DAE004495F3 /* Grid.swift */; };
		97C523CC269E5DAE004495F3 /* GridLayout.swift in Sources */ = {isa = PBXBuildFile; fileRef = 97C523CA269E5DAE004495F3 /* GridLayout.swift */; };
/* End PBXBuildFile section */

/* Begin PBXFileReference section */
		970505482695050800EEB566 /* EmojiArt.swift */ = {isa = PBXFileReference; lastKnownFileType = sourcecode.swift; path = EmojiArt.swift; sourceTree = "<group>"; };
		9705054A2695184200EEB566 /* EmojiArtExtensions.swift */ = {isa = PBXFileReference; fileEncoding = 4; lastKnownFileType = sourcecode.swift; path = EmojiArtExtensions.swift; sourceTree = "<group>"; };
		97140421269A32090054E4E6 /* Spinning.swift */ = {isa = PBXFileReference; lastKnownFileType = sourcecode.swift; path = Spinning.swift; sourceTree = "<group>"; };
		97140423269A868D0054E4E6 /* PaletteChooser.swift */ = {isa = PBXFileReference; lastKnownFileType = sourcecode.swift; path = PaletteChooser.swift; sourceTree = "<group>"; };
		97140425269A8C050054E4E6 /* EmojiArtDocumentPalette.swift */ = {isa = PBXFileReference; fileEncoding = 4; lastKnownFileType = sourcecode.swift; path = EmojiArtDocumentPalette.swift; sourceTree = "<group>"; };
		971B4C072697D45E00A47AF3 /* OptionalImage.swift */ = {isa = PBXFileReference; lastKnownFileType = sourcecode.swift; path = OptionalImage.swift; sourceTree = "<group>"; };
		971B4C092697DD3C00A47AF3 /* AnimatableSystemFontModifier.swift */ = {isa = PBXFileReference; fileEncoding = 4; lastKnownFileType = sourcecode.swift; path = AnimatableSystemFontModifier.swift; sourceTree = "<group>"; };
		9747DA5E2693D340006C563E /* EmojiArt.app */ = {isa = PBXFileReference; explicitFileType = wrapper.application; includeInIndex = 0; path = EmojiArt.app; sourceTree = BUILT_PRODUCTS_DIR; };
		9747DA612693D340006C563E /* EmojiArtApp.swift */ = {isa = PBXFileReference; lastKnownFileType = sourcecode.swift; path = EmojiArtApp.swift; sourceTree = "<group>"; };
		9747DA632693D340006C563E /* EmojiArtDocumentView.swift */ = {isa = PBXFileReference; lastKnownFileType = sourcecode.swift; path = EmojiArtDocumentView.swift; sourceTree = "<group>"; };
		9747DA652693D341006C563E /* Assets.xcassets */ = {isa = PBXFileReference; lastKnownFileType = folder.assetcatalog; path = Assets.xcassets; sourceTree = "<group>"; };
		9747DA682693D341006C563E /* Preview Assets.xcassets */ = {isa = PBXFileReference; lastKnownFileType = folder.assetcatalog; path = "Preview Assets.xcassets"; sourceTree = "<group>"; };
		9747DA6A2693D341006C563E /* Info.plist */ = {isa = PBXFileReference; lastKnownFileType = text.plist.xml; path = Info.plist; sourceTree = "<group>"; };
		9747DA702693D585006C563E /* EmojiArtDocument.swift */ = {isa = PBXFileReference; lastKnownFileType = sourcecode.swift; path = EmojiArtDocument.swift; sourceTree = "<group>"; };
		97BB57D8269F8AB0009F8BB1 /* EmojiArtDocumentStore.swift */ = {isa = PBXFileReference; fileEncoding = 4; lastKnownFileType = sourcecode.swift; path = EmojiArtDocumentStore.swift; sourceTree = "<group>"; };
		97BB57D9269F8AB0009F8BB1 /* EditableText.swift */ = {isa = PBXFileReference; fileEncoding = 4; lastKnownFileType = sourcecode.swift; path = EditableText.swift; sourceTree = "<group>"; };
		97BB57DC269F993F009F8BB1 /* EmojiArtDocumentChooser.swift */ = {isa = PBXFileReference; lastKnownFileType = sourcecode.swift; path = EmojiArtDocumentChooser.swift; sourceTree = "<group>"; };
		97C523C9269E5DAE004495F3 /* Grid.swift */ = {isa = PBXFileReference; fileEncoding = 4; lastKnownFileType = sourcecode.swift; name = Grid.swift; path = ../../Memorize/Memorize/Grid.swift; sourceTree = "<group>"; };
		97C523CA269E5DAE004495F3 /* GridLayout.swift */ = {isa = PBXFileReference; fileEncoding = 4; lastKnownFileType = sourcecode.swift; name = GridLayout.swift; path = ../../Memorize/Memorize/GridLayout.swift; sourceTree = "<group>"; };
/* End PBXFileReference section */

/* Begin PBXFrameworksBuildPhase section */
		9747DA5B2693D340006C563E /* Frameworks */ = {
			isa = PBXFrameworksBuildPhase;
			buildActionMask = 2147483647;
			files = (
			);
			runOnlyForDeploymentPostprocessing = 0;
		};
/* End PBXFrameworksBuildPhase section */

/* Begin PBXGroup section */
		9747DA552693D340006C563E = {
			isa = PBXGroup;
			children = (
				9747DA602693D340006C563E /* EmojiArt */,
				9747DA5F2693D340006C563E /* Products */,
			);
			sourceTree = "<group>";
		};
		9747DA5F2693D340006C563E /* Products */ = {
			isa = PBXGroup;
			children = (
				9747DA5E2693D340006C563E /* EmojiArt.app */,
			);
			name = Products;
			sourceTree = "<group>";
		};
		9747DA602693D340006C563E /* EmojiArt */ = {
			isa = PBXGroup;
			children = (
				971B4C092697DD3C00A47AF3 /* AnimatableSystemFontModifier.swift */,
				97BB57D9269F8AB0009F8BB1 /* EditableText.swift */,
				970505482695050800EEB566 /* EmojiArt.swift */,
				9747DA612693D340006C563E /* EmojiArtApp.swift */,
				9747DA702693D585006C563E /* EmojiArtDocument.swift */,
				97BB57DC269F993F009F8BB1 /* EmojiArtDocumentChooser.swift */,
				97140425269A8C050054E4E6 /* EmojiArtDocumentPalette.swift */,
				97BB57D8269F8AB0009F8BB1 /* EmojiArtDocumentStore.swift */,
				9747DA632693D340006C563E /* EmojiArtDocumentView.swift */,
				9705054A2695184200EEB566 /* EmojiArtExtensions.swift */,
				97C523C9269E5DAE004495F3 /* Grid.swift */,
				97C523CA269E5DAE004495F3 /* GridLayout.swift */,
				97140423269A868D0054E4E6 /* PaletteChooser.swift */,
				971B4C072697D45E00A47AF3 /* OptionalImage.swift */,
				97140421269A32090054E4E6 /* Spinning.swift */,
				9747DA652693D341006C563E /* Assets.xcassets */,
				9747DA6A2693D341006C563E /* Info.plist */,
				9747DA672693D341006C563E /* Preview Content */,
			);
			path = EmojiArt;
			sourceTree = "<group>";
		};
		9747DA672693D341006C563E /* Preview Content */ = {
			isa = PBXGroup;
			children = (
				9747DA682693D341006C563E /* Preview Assets.xcassets */,
			);
			path = "Preview Content";
			sourceTree = "<group>";
		};
/* End PBXGroup section */

/* Begin PBXNativeTarget section */
		9747DA5D2693D340006C563E /* EmojiArt */ = {
			isa = PBXNativeTarget;
			buildConfigurationList = 9747DA6D2693D341006C563E /* Build configuration list for PBXNativeTarget "EmojiArt" */;
			buildPhases = (
				9747DA5A2693D340006C563E /* Sources */,
				9747DA5B2693D340006C563E /* Frameworks */,
				9747DA5C2693D340006C563E /* Resources */,
			);
			buildRules = (
			);
			dependencies = (
			);
			name = EmojiArt;
			productName = EmojiArt;
			productReference = 9747DA5E2693D340006C563E /* EmojiArt.app */;
			productType = "com.apple.product-type.application";
		};
/* End PBXNativeTarget section */

/* Begin PBXProject section */
		9747DA562693D340006C563E /* Project object */ = {
			isa = PBXProject;
			attributes = {
				LastSwiftUpdateCheck = 1250;
				LastUpgradeCheck = 1250;
				TargetAttributes = {
					9747DA5D2693D340006C563E = {
						CreatedOnToolsVersion = 12.5.1;
					};
				};
			};
			buildConfigurationList = 9747DA592693D340006C563E /* Build configuration list for PBXProject "EmojiArt" */;
			compatibilityVersion = "Xcode 9.3";
			developmentRegion = en;
			hasScannedForEncodings = 0;
			knownRegions = (
				en,
				Base,
			);
			mainGroup = 9747DA552693D340006C563E;
			productRefGroup = 9747DA5F2693D340006C563E /* Products */;
			projectDirPath = "";
			projectRoot = "";
			targets = (
				9747DA5D2693D340006C563E /* EmojiArt */,
			);
		};
/* End PBXProject section */

/* Begin PBXResourcesBuildPhase section */
		9747DA5C2693D340006C563E /* Resources */ = {
			isa = PBXResourcesBuildPhase;
			buildActionMask = 2147483647;
			files = (
				9747DA692693D341006C563E /* Preview Assets.xcassets in Resources */,
				9747DA662693D341006C563E /* Assets.xcassets in Resources */,
			);
			runOnlyForDeploymentPostprocessing = 0;
		};
/* End PBXResourcesBuildPhase section */

/* Begin PBXSourcesBuildPhase section */
		9747DA5A2693D340006C563E /* Sources */ = {
			isa = PBXSourcesBuildPhase;
			buildActionMask = 2147483647;
			files = (
				971B4C0A2697DD3C00A47AF3 /* AnimatableSystemFontModifier.swift in Sources */,
				970505492695050800EEB566 /* EmojiArt.swift in Sources */,
				9705054B2695184200EEB566 /* EmojiArtExtensions.swift in Sources */,
				97C523CC269E5DAE004495F3 /* GridLayout.swift in Sources */,
				9747DA642693D340006C563E /* EmojiArtDocumentView.swift in Sources */,
				97C523CB269E5DAE004495F3 /* Grid.swift in Sources */,
				971B4C082697D45E00A47AF3 /* OptionalImage.swift in Sources */,
				97140426269A8C050054E4E6 /* EmojiArtDocumentPalette.swift in Sources */,
				9747DA712693D585006C563E /* EmojiArtDocument.swift in Sources */,
				97BB57DA269F8AB0009F8BB1 /* EmojiArtDocumentStore.swift in Sources */,
				97BB57DB269F8AB0009F8BB1 /* EditableText.swift in Sources */,
				97BB57DD269F993F009F8BB1 /* EmojiArtDocumentChooser.swift in Sources */,
				9747DA622693D340006C563E /* EmojiArtApp.swift in Sources */,
				97140422269A32090054E4E6 /* Spinning.swift in Sources */,
				97140424269A868D0054E4E6 /* PaletteChooser.swift in Sources */,
			);
			runOnlyForDeploymentPostprocessing = 0;
		};
/* End PBXSourcesBuildPhase section */

/* Begin XCBuildConfiguration section */
		9747DA6B2693D341006C563E /* Debug */ = {
			isa = XCBuildConfiguration;
			buildSettings = {
				ALWAYS_SEARCH_USER_PATHS = NO;
				CLANG_ANALYZER_NONNULL = YES;
				CLANG_ANALYZER_NUMBER_OBJECT_CONVERSION = YES_AGGRESSIVE;
				CLANG_CXX_LANGUAGE_STANDARD = "gnu++14";
				CLANG_CXX_LIBRARY = "libc++";
				CLANG_ENABLE_MODULES = YES;
				CLANG_ENABLE_OBJC_ARC = YES;
				CLANG_ENABLE_OBJC_WEAK = YES;
				CLANG_WARN_BLOCK_CAPTURE_AUTORELEASING = YES;
				CLANG_WARN_BOOL_CONVERSION = YES;
				CLANG_WARN_COMMA = YES;
				CLANG_WARN_CONSTANT_CONVERSION = YES;
				CLANG_WARN_DEPRECATED_OBJC_IMPLEMENTATIONS = YES;
				CLANG_WARN_DIRECT_OBJC_ISA_USAGE = YES_ERROR;
				CLANG_WARN_DOCUMENTATION_COMMENTS = YES;
				CLANG_WARN_EMPTY_BODY = YES;
				CLANG_WARN_ENUM_CONVERSION = YES;
				CLANG_WARN_INFINITE_RECURSION = YES;
				CLANG_WARN_INT_CONVERSION = YES;
				CLANG_WARN_NON_LITERAL_NULL_CONVERSION = YES;
				CLANG_WARN_OBJC_IMPLICIT_RETAIN_SELF = YES;
				CLANG_WARN_OBJC_LITERAL_CONVERSION = YES;
				CLANG_WARN_OBJC_ROOT_CLASS = YES_ERROR;
				CLANG_WARN_QUOTED_INCLUDE_IN_FRAMEWORK_HEADER = YES;
				CLANG_WARN_RANGE_LOOP_ANALYSIS = YES;
				CLANG_WARN_STRICT_PROTOTYPES = YES;
				CLANG_WARN_SUSPICIOUS_MOVE = YES;
				CLANG_WARN_UNGUARDED_AVAILABILITY = YES_AGGRESSIVE;
				CLANG_WARN_UNREACHABLE_CODE = YES;
				CLANG_WARN__DUPLICATE_METHOD_MATCH = YES;
				COPY_PHASE_STRIP = NO;
				DEBUG_INFORMATION_FORMAT = dwarf;
				ENABLE_STRICT_OBJC_MSGSEND = YES;
				ENABLE_TESTABILITY = YES;
				GCC_C_LANGUAGE_STANDARD = gnu11;
				GCC_DYNAMIC_NO_PIC = NO;
				GCC_NO_COMMON_BLOCKS = YES;
				GCC_OPTIMIZATION_LEVEL = 0;
				GCC_PREPROCESSOR_DEFINITIONS = (
					"DEBUG=1",
					"$(inherited)",
				);
				GCC_WARN_64_TO_32_BIT_CONVERSION = YES;
				GCC_WARN_ABOUT_RETURN_TYPE = YES_ERROR;
				GCC_WARN_UNDECLARED_SELECTOR = YES;
				GCC_WARN_UNINITIALIZED_AUTOS = YES_AGGRESSIVE;
				GCC_WARN_UNUSED_FUNCTION = YES;
				GCC_WARN_UNUSED_VARIABLE = YES;
				IPHONEOS_DEPLOYMENT_TARGET = 14.5;
				MTL_ENABLE_DEBUG_INFO = INCLUDE_SOURCE;
				MTL_FAST_MATH = YES;
				ONLY_ACTIVE_ARCH = YES;
				SDKROOT = iphoneos;
				SWIFT_ACTIVE_COMPILATION_CONDITIONS = DEBUG;
				SWIFT_OPTIMIZATION_LEVEL = "-Onone";
			};
			name = Debug;
		};
		9747DA6C2693D341006C563E /* Release */ = {
			isa = XCBuildConfiguration;
			buildSettings = {
				ALWAYS_SEARCH_USER_PATHS = NO;
				CLANG_ANALYZER_NONNULL = YES;
				CLANG_ANALYZER_NUMBER_OBJECT_CONVERSION = YES_AGGRESSIVE;
				CLANG_CXX_LANGUAGE_STANDARD = "gnu++14";
				CLANG_CXX_LIBRARY = "libc++";
				CLANG_ENABLE_MODULES = YES;
				CLANG_ENABLE_OBJC_ARC = YES;
				CLANG_ENABLE_OBJC_WEAK = YES;
				CLANG_WARN_BLOCK_CAPTURE_AUTORELEASING = YES;
				CLANG_WARN_BOOL_CONVERSION = YES;
				CLANG_WARN_COMMA = YES;
				CLANG_WARN_CONSTANT_CONVERSION = YES;
				CLANG_WARN_DEPRECATED_OBJC_IMPLEMENTATIONS = YES;
				CLANG_WARN_DIRECT_OBJC_ISA_USAGE = YES_ERROR;
				CLANG_WARN_DOCUMENTATION_COMMENTS = YES;
				CLANG_WARN_EMPTY_BODY = YES;
				CLANG_WARN_ENUM_CONVERSION = YES;
				CLANG_WARN_INFINITE_RECURSION = YES;
				CLANG_WARN_INT_CONVERSION = YES;
				CLANG_WARN_NON_LITERAL_NULL_CONVERSION = YES;
				CLANG_WARN_OBJC_IMPLICIT_RETAIN_SELF = YES;
				CLANG_WARN_OBJC_LITERAL_CONVERSION = YES;
				CLANG_WARN_OBJC_ROOT_CLASS = YES_ERROR;
				CLANG_WARN_QUOTED_INCLUDE_IN_FRAMEWORK_HEADER = YES;
				CLANG_WARN_RANGE_LOOP_ANALYSIS = YES;
				CLANG_WARN_STRICT_PROTOTYPES = YES;
				CLANG_WARN_SUSPICIOUS_MOVE = YES;
				CLANG_WARN_UNGUARDED_AVAILABILITY = YES_AGGRESSIVE;
				CLANG_WARN_UNREACHABLE_CODE = YES;
				CLANG_WARN__DUPLICATE_METHOD_MATCH = YES;
				COPY_PHASE_STRIP = NO;
				DEBUG_INFORMATION_FORMAT = "dwarf-with-dsym";
				ENABLE_NS_ASSERTIONS = NO;
				ENABLE_STRICT_OBJC_MSGSEND = YES;
				GCC_C_LANGUAGE_STANDARD = gnu11;
				GCC_NO_COMMON_BLOCKS = YES;
				GCC_WARN_64_TO_32_BIT_CONVERSION = YES;
				GCC_WARN_ABOUT_RETURN_TYPE = YES_ERROR;
				GCC_WARN_UNDECLARED_SELECTOR = YES;
				GCC_WARN_UNINITIALIZED_AUTOS = YES_AGGRESSIVE;
				GCC_WARN_UNUSED_FUNCTION = YES;
				GCC_WARN_UNUSED_VARIABLE = YES;
				IPHONEOS_DEPLOYMENT_TARGET = 14.5;
				MTL_ENABLE_DEBUG_INFO = NO;
				MTL_FAST_MATH = YES;
				SDKROOT = iphoneos;
				SWIFT_COMPILATION_MODE = wholemodule;
				SWIFT_OPTIMIZATION_LEVEL = "-O";
				VALIDATE_PRODUCT = YES;
			};
			name = Release;
		};
		9747DA6E2693D341006C563E /* Debug */ = {
			isa = XCBuildConfiguration;
			buildSettings = {
				ASSETCATALOG_COMPILER_APPICON_NAME = AppIcon;
				ASSETCATALOG_COMPILER_GLOBAL_ACCENT_COLOR_NAME = AccentColor;
				CODE_SIGN_STYLE = Automatic;
				DEVELOPMENT_ASSET_PATHS = "\"EmojiArt/Preview Content\"";
				DEVELOPMENT_TEAM = JP9WVPYUFW;
				ENABLE_PREVIEWS = YES;
				INFOPLIST_FILE = EmojiArt/Info.plist;
				IPHONEOS_DEPLOYMENT_TARGET = 14.0;
				LD_RUNPATH_SEARCH_PATHS = (
					"$(inherited)",
					"@executable_path/Frameworks",
				);
				PRODUCT_BUNDLE_IDENTIFIER = HMAP.EmojiArt;
				PRODUCT_NAME = "$(TARGET_NAME)";
				SWIFT_VERSION = 5.0;
				TARGETED_DEVICE_FAMILY = "1,2";
			};
			name = Debug;
		};
		9747DA6F2693D341006C563E /* Release */ = {
			isa = XCBuildConfiguration;
			buildSettings = {
				ASSETCATALOG_COMPILER_APPICON_NAME = AppIcon;
				ASSETCATALOG_COMPILER_GLOBAL_ACCENT_COLOR_NAME = AccentColor;
				CODE_SIGN_STYLE = Automatic;
				DEVELOPMENT_ASSET_PATHS = "\"EmojiArt/Preview Content\"";
				DEVELOPMENT_TEAM = JP9WVPYUFW;
				ENABLE_PREVIEWS = YES;
				INFOPLIST_FILE = EmojiArt/Info.plist;
				IPHONEOS_DEPLOYMENT_TARGET = 14.0;
				LD_RUNPATH_SEARCH_PATHS = (
					"$(inherited)",
					"@executable_path/Frameworks",
				);
				PRODUCT_BUNDLE_IDENTIFIER = HMAP.EmojiArt;
				PRODUCT_NAME = "$(TARGET_NAME)";
				SWIFT_VERSION = 5.0;
				TARGETED_DEVICE_FAMILY = "1,2";
			};
			name = Release;
		};
/* End XCBuildConfiguration section */

/* Begin XCConfigurationList section */
		9747DA592693D340006C563E /* Build configuration list for PBXProject "EmojiArt" */ = {
			isa = XCConfigurationList;
			buildConfigurations = (
				9747DA6B2693D341006C563E /* Debug */,
				9747DA6C2693D341006C563E /* Release */,
			);
			defaultConfigurationIsVisible = 0;
			defaultConfigurationName = Release;
		};
		9747DA6D2693D341006C563E /* Build configuration list for PBXNativeTarget "EmojiArt" */ = {
			isa = XCConfigurationList;
			buildConfigurations = (
				9747DA6E2693D341006C563E /* Debug */,
				9747DA6F2693D341006C563E /* Release */,
			);
			defaultConfigurationIsVisible = 0;
			defaultConfigurationName = Release;
		};
/* End XCConfigurationList section */
	};
	rootObject = 9747DA562693D340006C563E /* Project object */;
}
