// !$*UTF8*$!
{
	archiveVersion = 1;
	classes = {
	};
	objectVersion = 50;
	objects = {

/* Begin PBXBuildFile section */
		9707A5AC26AC9B8700ED1B51 /* PaletteChooser.swift in Sources */ = {isa = PBXBuildFile; fileRef = 9707A59C26AC9B8700ED1B51 /* PaletteChooser.swift */; };
		9707A5AD26AC9B8700ED1B51 /* Grid.swift in Sources */ = {isa = PBXBuildFile; fileRef = 9707A59D26AC9B8700ED1B51 /* Grid.swift */; };
		9707A5AE26AC9B8700ED1B51 /* OptionalImage.swift in Sources */ = {isa = PBXBuildFile; fileRef = 9707A59E26AC9B8700ED1B51 /* OptionalImage.swift */; };
		9707A5AF26AC9B8700ED1B51 /* SceneDelegate.swift in Sources */ = {isa = PBXBuildFile; fileRef = 9707A59F26AC9B8700ED1B51 /* SceneDelegate.swift */; };
		9707A5B026AC9B8700ED1B51 /* AnimatableSystemFontModifier.swift in Sources */ = {isa = PBXBuildFile; fileRef = 9707A5A026AC9B8700ED1B51 /* AnimatableSystemFontModifier.swift */; };
		9707A5B126AC9B8700ED1B51 /* EmojiArtDocument+Palette.swift in Sources */ = {isa = PBXBuildFile; fileRef = 9707A5A126AC9B8700ED1B51 /* EmojiArtDocument+Palette.swift */; };
		9707A5B226AC9B8700ED1B51 /* EditableText.swift in Sources */ = {isa = PBXBuildFile; fileRef = 9707A5A226AC9B8700ED1B51 /* EditableText.swift */; };
		9707A5B326AC9B8700ED1B51 /* EmojiArt.swift in Sources */ = {isa = PBXBuildFile; fileRef = 9707A5A326AC9B8700ED1B51 /* EmojiArt.swift */; };
		9707A5B426AC9B8700ED1B51 /* EmojiArtDocumentChooser.swift in Sources */ = {isa = PBXBuildFile; fileRef = 9707A5A426AC9B8700ED1B51 /* EmojiArtDocumentChooser.swift */; };
		9707A5B526AC9B8700ED1B51 /* AppDelegate.swift in Sources */ = {isa = PBXBuildFile; fileRef = 9707A5A526AC9B8700ED1B51 /* AppDelegate.swift */; };
		9707A5B626AC9B8700ED1B51 /* EmojiArtDocumentView.swift in Sources */ = {isa = PBXBuildFile; fileRef = 9707A5A626AC9B8700ED1B51 /* EmojiArtDocumentView.swift */; };
		9707A5B726AC9B8700ED1B51 /* EmojiArtExtensions.swift in Sources */ = {isa = PBXBuildFile; fileRef = 9707A5A726AC9B8700ED1B51 /* EmojiArtExtensions.swift */; };
		9707A5B826AC9B8700ED1B51 /* Spinning.swift in Sources */ = {isa = PBXBuildFile; fileRef = 9707A5A826AC9B8700ED1B51 /* Spinning.swift */; };
		9707A5B926AC9B8700ED1B51 /* EmojiArtDocumentStore.swift in Sources */ = {isa = PBXBuildFile; fileRef = 9707A5A926AC9B8700ED1B51 /* EmojiArtDocumentStore.swift */; };
		9707A5BA26AC9B8700ED1B51 /* EmojiArtDocument.swift in Sources */ = {isa = PBXBuildFile; fileRef = 9707A5AA26AC9B8700ED1B51 /* EmojiArtDocument.swift */; };
		9707A5BB26AC9B8700ED1B51 /* GridLayout.swift in Sources */ = {isa = PBXBuildFile; fileRef = 9707A5AB26AC9B8700ED1B51 /* GridLayout.swift */; };
		97E759A426AB9FA600884B17 /* EmojiArt.xcdatamodeld in Sources */ = {isa = PBXBuildFile; fileRef = 97E759A226AB9FA600884B17 /* EmojiArt.xcdatamodeld */; };
		97E759A626AB9FA600884B17 /* Assets.xcassets in Resources */ = {isa = PBXBuildFile; fileRef = 97E759A526AB9FA600884B17 /* Assets.xcassets */; };
		97E759A926AB9FA600884B17 /* Preview Assets.xcassets in Resources */ = {isa = PBXBuildFile; fileRef = 97E759A826AB9FA600884B17 /* Preview Assets.xcassets */; };
/* End PBXBuildFile section */

/* Begin PBXFileReference section */
		9707A59C26AC9B8700ED1B51 /* PaletteChooser.swift */ = {isa = PBXFileReference; fileEncoding = 4; lastKnownFileType = sourcecode.swift; path = PaletteChooser.swift; sourceTree = "<group>"; };
		9707A59D26AC9B8700ED1B51 /* Grid.swift */ = {isa = PBXFileReference; fileEncoding = 4; lastKnownFileType = sourcecode.swift; path = Grid.swift; sourceTree = "<group>"; };
		9707A59E26AC9B8700ED1B51 /* OptionalImage.swift */ = {isa = PBXFileReference; fileEncoding = 4; lastKnownFileType = sourcecode.swift; path = OptionalImage.swift; sourceTree = "<group>"; };
		9707A59F26AC9B8700ED1B51 /* SceneDelegate.swift */ = {isa = PBXFileReference; fileEncoding = 4; lastKnownFileType = sourcecode.swift; path = SceneDelegate.swift; sourceTree = "<group>"; };
		9707A5A026AC9B8700ED1B51 /* AnimatableSystemFontModifier.swift */ = {isa = PBXFileReference; fileEncoding = 4; lastKnownFileType = sourcecode.swift; path = AnimatableSystemFontModifier.swift; sourceTree = "<group>"; };
		9707A5A126AC9B8700ED1B51 /* EmojiArtDocument+Palette.swift */ = {isa = PBXFileReference; fileEncoding = 4; lastKnownFileType = sourcecode.swift; path = "EmojiArtDocument+Palette.swift"; sourceTree = "<group>"; };
		9707A5A226AC9B8700ED1B51 /* EditableText.swift */ = {isa = PBXFileReference; fileEncoding = 4; lastKnownFileType = sourcecode.swift; path = EditableText.swift; sourceTree = "<group>"; };
		9707A5A326AC9B8700ED1B51 /* EmojiArt.swift */ = {isa = PBXFileReference; fileEncoding = 4; lastKnownFileType = sourcecode.swift; path = EmojiArt.swift; sourceTree = "<group>"; };
		9707A5A426AC9B8700ED1B51 /* EmojiArtDocumentChooser.swift */ = {isa = PBXFileReference; fileEncoding = 4; lastKnownFileType = sourcecode.swift; path = EmojiArtDocumentChooser.swift; sourceTree = "<group>"; };
		9707A5A526AC9B8700ED1B51 /* AppDelegate.swift */ = {isa = PBXFileReference; fileEncoding = 4; lastKnownFileType = sourcecode.swift; path = AppDelegate.swift; sourceTree = "<group>"; };
		9707A5A626AC9B8700ED1B51 /* EmojiArtDocumentView.swift */ = {isa = PBXFileReference; fileEncoding = 4; lastKnownFileType = sourcecode.swift; path = EmojiArtDocumentView.swift; sourceTree = "<group>"; };
		9707A5A726AC9B8700ED1B51 /* EmojiArtExtensions.swift */ = {isa = PBXFileReference; fileEncoding = 4; lastKnownFileType = sourcecode.swift; path = EmojiArtExtensions.swift; sourceTree = "<group>"; };
		9707A5A826AC9B8700ED1B51 /* Spinning.swift */ = {isa = PBXFileReference; fileEncoding = 4; lastKnownFileType = sourcecode.swift; path = Spinning.swift; sourceTree = "<group>"; };
		9707A5A926AC9B8700ED1B51 /* EmojiArtDocumentStore.swift */ = {isa = PBXFileReference; fileEncoding = 4; lastKnownFileType = sourcecode.swift; path = EmojiArtDocumentStore.swift; sourceTree = "<group>"; };
		9707A5AA26AC9B8700ED1B51 /* EmojiArtDocument.swift */ = {isa = PBXFileReference; fileEncoding = 4; lastKnownFileType = sourcecode.swift; path = EmojiArtDocument.swift; sourceTree = "<group>"; };
		9707A5AB26AC9B8700ED1B51 /* GridLayout.swift */ = {isa = PBXFileReference; fileEncoding = 4; lastKnownFileType = sourcecode.swift; path = GridLayout.swift; sourceTree = "<group>"; };
		97E7599926AB9FA600884B17 /* EmojiArt.app */ = {isa = PBXFileReference; explicitFileType = wrapper.application; includeInIndex = 0; path = EmojiArt.app; sourceTree = BUILT_PRODUCTS_DIR; };
		97E759A326AB9FA600884B17 /* EmojiArt.xcdatamodel */ = {isa = PBXFileReference; lastKnownFileType = wrapper.xcdatamodel; path = EmojiArt.xcdatamodel; sourceTree = "<group>"; };
		97E759A526AB9FA600884B17 /* Assets.xcassets */ = {isa = PBXFileReference; lastKnownFileType = folder.assetcatalog; path = Assets.xcassets; sourceTree = "<group>"; };
		97E759A826AB9FA600884B17 /* Preview Assets.xcassets */ = {isa = PBXFileReference; lastKnownFileType = folder.assetcatalog; path = "Preview Assets.xcassets"; sourceTree = "<group>"; };
		97E759AD26AB9FA600884B17 /* Info.plist */ = {isa = PBXFileReference; lastKnownFileType = text.plist.xml; path = Info.plist; sourceTree = "<group>"; };
/* End PBXFileReference section */

/* Begin PBXFrameworksBuildPhase section */
		97E7599626AB9FA600884B17 /* Frameworks */ = {
			isa = PBXFrameworksBuildPhase;
			buildActionMask = 2147483647;
			files = (
			);
			runOnlyForDeploymentPostprocessing = 0;
		};
/* End PBXFrameworksBuildPhase section */

/* Begin PBXGroup section */
		97E7599026AB9FA600884B17 = {
			isa = PBXGroup;
			children = (
				97E7599B26AB9FA600884B17 /* EmojiArt */,
				97E7599A26AB9FA600884B17 /* Products */,
			);
			sourceTree = "<group>";
		};
		97E7599A26AB9FA600884B17 /* Products */ = {
			isa = PBXGroup;
			children = (
				97E7599926AB9FA600884B17 /* EmojiArt.app */,
			);
			name = Products;
			sourceTree = "<group>";
		};
		97E7599B26AB9FA600884B17 /* EmojiArt */ = {
			isa = PBXGroup;
			children = (
				9707A5A026AC9B8700ED1B51 /* AnimatableSystemFontModifier.swift */,
				9707A5A526AC9B8700ED1B51 /* AppDelegate.swift */,
				9707A5A226AC9B8700ED1B51 /* EditableText.swift */,
				9707A5A326AC9B8700ED1B51 /* EmojiArt.swift */,
				9707A5AA26AC9B8700ED1B51 /* EmojiArtDocument.swift */,
				9707A5A126AC9B8700ED1B51 /* EmojiArtDocument+Palette.swift */,
				9707A5A426AC9B8700ED1B51 /* EmojiArtDocumentChooser.swift */,
				9707A5A926AC9B8700ED1B51 /* EmojiArtDocumentStore.swift */,
				9707A5A626AC9B8700ED1B51 /* EmojiArtDocumentView.swift */,
				9707A5A726AC9B8700ED1B51 /* EmojiArtExtensions.swift */,
				9707A59D26AC9B8700ED1B51 /* Grid.swift */,
				9707A5AB26AC9B8700ED1B51 /* GridLayout.swift */,
				9707A59E26AC9B8700ED1B51 /* OptionalImage.swift */,
				9707A59C26AC9B8700ED1B51 /* PaletteChooser.swift */,
				9707A59F26AC9B8700ED1B51 /* SceneDelegate.swift */,
				9707A5A826AC9B8700ED1B51 /* Spinning.swift */,
				97E759A526AB9FA600884B17 /* Assets.xcassets */,
				97E759AD26AB9FA600884B17 /* Info.plist */,
				97E759A226AB9FA600884B17 /* EmojiArt.xcdatamodeld */,
				97E759A726AB9FA600884B17 /* Preview Content */,
			);
			path = EmojiArt;
			sourceTree = "<group>";
		};
		97E759A726AB9FA600884B17 /* Preview Content */ = {
			isa = PBXGroup;
			children = (
				97E759A826AB9FA600884B17 /* Preview Assets.xcassets */,
			);
			path = "Preview Content";
			sourceTree = "<group>";
		};
/* End PBXGroup section */

/* Begin PBXNativeTarget section */
		97E7599826AB9FA600884B17 /* EmojiArt */ = {
			isa = PBXNativeTarget;
			buildConfigurationList = 97E759B026AB9FA600884B17 /* Build configuration list for PBXNativeTarget "EmojiArt" */;
			buildPhases = (
				97E7599526AB9FA600884B17 /* Sources */,
				97E7599626AB9FA600884B17 /* Frameworks */,
				97E7599726AB9FA600884B17 /* Resources */,
			);
			buildRules = (
			);
			dependencies = (
			);
			name = EmojiArt;
			productName = EmojiArt;
			productReference = 97E7599926AB9FA600884B17 /* EmojiArt.app */;
			productType = "com.apple.product-type.application";
		};
/* End PBXNativeTarget section */

/* Begin PBXProject section */
		97E7599126AB9FA600884B17 /* Project object */ = {
			isa = PBXProject;
			attributes = {
				LastSwiftUpdateCheck = 1250;
				LastUpgradeCheck = 1250;
				TargetAttributes = {
					97E7599826AB9FA600884B17 = {
						CreatedOnToolsVersion = 12.5.1;
						LastSwiftMigration = 1250;
					};
				};
			};
			buildConfigurationList = 97E7599426AB9FA600884B17 /* Build configuration list for PBXProject "EmojiArt" */;
			compatibilityVersion = "Xcode 9.3";
			developmentRegion = en;
			hasScannedForEncodings = 0;
			knownRegions = (
				en,
				Base,
			);
			mainGroup = 97E7599026AB9FA600884B17;
			productRefGroup = 97E7599A26AB9FA600884B17 /* Products */;
			projectDirPath = "";
			projectRoot = "";
			targets = (
				97E7599826AB9FA600884B17 /* EmojiArt */,
			);
		};
/* End PBXProject section */

/* Begin PBXResourcesBuildPhase section */
		97E7599726AB9FA600884B17 /* Resources */ = {
			isa = PBXResourcesBuildPhase;
			buildActionMask = 2147483647;
			files = (
				97E759A926AB9FA600884B17 /* Preview Assets.xcassets in Resources */,
				97E759A626AB9FA600884B17 /* Assets.xcassets in Resources */,
			);
			runOnlyForDeploymentPostprocessing = 0;
		};
/* End PBXResourcesBuildPhase section */

/* Begin PBXSourcesBuildPhase section */
		97E7599526AB9FA600884B17 /* Sources */ = {
			isa = PBXSourcesBuildPhase;
			buildActionMask = 2147483647;
			files = (
				9707A5B526AC9B8700ED1B51 /* AppDelegate.swift in Sources */,
				9707A5B726AC9B8700ED1B51 /* EmojiArtExtensions.swift in Sources */,
				9707A5B326AC9B8700ED1B51 /* EmojiArt.swift in Sources */,
				9707A5B626AC9B8700ED1B51 /* EmojiArtDocumentView.swift in Sources */,
				9707A5B426AC9B8700ED1B51 /* EmojiArtDocumentChooser.swift in Sources */,
				9707A5AF26AC9B8700ED1B51 /* SceneDelegate.swift in Sources */,
				97E759A426AB9FA600884B17 /* EmojiArt.xcdatamodeld in Sources */,
				9707A5AC26AC9B8700ED1B51 /* PaletteChooser.swift in Sources */,
				9707A5BB26AC9B8700ED1B51 /* GridLayout.swift in Sources */,
				9707A5AD26AC9B8700ED1B51 /* Grid.swift in Sources */,
				9707A5B826AC9B8700ED1B51 /* Spinning.swift in Sources */,
				9707A5B226AC9B8700ED1B51 /* EditableText.swift in Sources */,
				9707A5BA26AC9B8700ED1B51 /* EmojiArtDocument.swift in Sources */,
				9707A5B126AC9B8700ED1B51 /* EmojiArtDocument+Palette.swift in Sources */,
				9707A5B026AC9B8700ED1B51 /* AnimatableSystemFontModifier.swift in Sources */,
				9707A5B926AC9B8700ED1B51 /* EmojiArtDocumentStore.swift in Sources */,
				9707A5AE26AC9B8700ED1B51 /* OptionalImage.swift in Sources */,
			);
			runOnlyForDeploymentPostprocessing = 0;
		};
/* End PBXSourcesBuildPhase section */

/* Begin XCBuildConfiguration section */
		97E759AE26AB9FA600884B17 /* Debug */ = {
			isa = XCBuildConfiguration;
			buildSettings = {
				ALWAYS_SEARCH_USER_PATHS = NO;
				CLANG_ANALYZER_NONNULL = YES;
				CLANG_ANALYZER_NUMBER_OBJECT_CONVERSION = YES_AGGRESSIVE;
				CLANG_CXX_LANGUAGE_STANDARD = "gnu++14";
				CLANG_CXX_LIBRARY = "libc++";
				CLANG_ENABLE_MODULES = YES;
				CLANG_ENABLE_OBJC_ARC = YES;
				CLANG_ENABLE_OBJC_WEAK = YES;
				CLANG_WARN_BLOCK_CAPTURE_AUTORELEASING = YES;
				CLANG_WARN_BOOL_CONVERSION = YES;
				CLANG_WARN_COMMA = YES;
				CLANG_WARN_CONSTANT_CONVERSION = YES;
				CLANG_WARN_DEPRECATED_OBJC_IMPLEMENTATIONS = YES;
				CLANG_WARN_DIRECT_OBJC_ISA_USAGE = YES_ERROR;
				CLANG_WARN_DOCUMENTATION_COMMENTS = YES;
				CLANG_WARN_EMPTY_BODY = YES;
				CLANG_WARN_ENUM_CONVERSION = YES;
				CLANG_WARN_INFINITE_RECURSION = YES;
				CLANG_WARN_INT_CONVERSION = YES;
				CLANG_WARN_NON_LITERAL_NULL_CONVERSION = YES;
				CLANG_WARN_OBJC_IMPLICIT_RETAIN_SELF = YES;
				CLANG_WARN_OBJC_LITERAL_CONVERSION = YES;
				CLANG_WARN_OBJC_ROOT_CLASS = YES_ERROR;
				CLANG_WARN_QUOTED_INCLUDE_IN_FRAMEWORK_HEADER = YES;
				CLANG_WARN_RANGE_LOOP_ANALYSIS = YES;
				CLANG_WARN_STRICT_PROTOTYPES = YES;
				CLANG_WARN_SUSPICIOUS_MOVE = YES;
				CLANG_WARN_UNGUARDED_AVAILABILITY = YES_AGGRESSIVE;
				CLANG_WARN_UNREACHABLE_CODE = YES;
				CLANG_WARN__DUPLICATE_METHOD_MATCH = YES;
				COPY_PHASE_STRIP = NO;
				DEBUG_INFORMATION_FORMAT = dwarf;
				ENABLE_STRICT_OBJC_MSGSEND = YES;
				ENABLE_TESTABILITY = YES;
				GCC_C_LANGUAGE_STANDARD = gnu11;
				GCC_DYNAMIC_NO_PIC = NO;
				GCC_NO_COMMON_BLOCKS = YES;
				GCC_OPTIMIZATION_LEVEL = 0;
				GCC_PREPROCESSOR_DEFINITIONS = (
					"DEBUG=1",
					"$(inherited)",
				);
				GCC_WARN_64_TO_32_BIT_CONVERSION = YES;
				GCC_WARN_ABOUT_RETURN_TYPE = YES_ERROR;
				GCC_WARN_UNDECLARED_SELECTOR = YES;
				GCC_WARN_UNINITIALIZED_AUTOS = YES_AGGRESSIVE;
				GCC_WARN_UNUSED_FUNCTION = YES;
				GCC_WARN_UNUSED_VARIABLE = YES;
				IPHONEOS_DEPLOYMENT_TARGET = 14.5;
				MTL_ENABLE_DEBUG_INFO = INCLUDE_SOURCE;
				MTL_FAST_MATH = YES;
				ONLY_ACTIVE_ARCH = YES;
				SDKROOT = iphoneos;
				SWIFT_ACTIVE_COMPILATION_CONDITIONS = DEBUG;
				SWIFT_OPTIMIZATION_LEVEL = "-Onone";
			};
			name = Debug;
		};
		97E759AF26AB9FA600884B17 /* Release */ = {
			isa = XCBuildConfiguration;
			buildSettings = {
				ALWAYS_SEARCH_USER_PATHS = NO;
				CLANG_ANALYZER_NONNULL = YES;
				CLANG_ANALYZER_NUMBER_OBJECT_CONVERSION = YES_AGGRESSIVE;
				CLANG_CXX_LANGUAGE_STANDARD = "gnu++14";
				CLANG_CXX_LIBRARY = "libc++";
				CLANG_ENABLE_MODULES = YES;
				CLANG_ENABLE_OBJC_ARC = YES;
				CLANG_ENABLE_OBJC_WEAK = YES;
				CLANG_WARN_BLOCK_CAPTURE_AUTORELEASING = YES;
				CLANG_WARN_BOOL_CONVERSION = YES;
				CLANG_WARN_COMMA = YES;
				CLANG_WARN_CONSTANT_CONVERSION = YES;
				CLANG_WARN_DEPRECATED_OBJC_IMPLEMENTATIONS = YES;
				CLANG_WARN_DIRECT_OBJC_ISA_USAGE = YES_ERROR;
				CLANG_WARN_DOCUMENTATION_COMMENTS = YES;
				CLANG_WARN_EMPTY_BODY = YES;
				CLANG_WARN_ENUM_CONVERSION = YES;
				CLANG_WARN_INFINITE_RECURSION = YES;
				CLANG_WARN_INT_CONVERSION = YES;
				CLANG_WARN_NON_LITERAL_NULL_CONVERSION = YES;
				CLANG_WARN_OBJC_IMPLICIT_RETAIN_SELF = YES;
				CLANG_WARN_OBJC_LITERAL_CONVERSION = YES;
				CLANG_WARN_OBJC_ROOT_CLASS = YES_ERROR;
				CLANG_WARN_QUOTED_INCLUDE_IN_FRAMEWORK_HEADER = YES;
				CLANG_WARN_RANGE_LOOP_ANALYSIS = YES;
				CLANG_WARN_STRICT_PROTOTYPES = YES;
				CLANG_WARN_SUSPICIOUS_MOVE = YES;
				CLANG_WARN_UNGUARDED_AVAILABILITY = YES_AGGRESSIVE;
				CLANG_WARN_UNREACHABLE_CODE = YES;
				CLANG_WARN__DUPLICATE_METHOD_MATCH = YES;
				COPY_PHASE_STRIP = NO;
				DEBUG_INFORMATION_FORMAT = "dwarf-with-dsym";
				ENABLE_NS_ASSERTIONS = NO;
				ENABLE_STRICT_OBJC_MSGSEND = YES;
				GCC_C_LANGUAGE_STANDARD = gnu11;
				GCC_NO_COMMON_BLOCKS = YES;
				GCC_WARN_64_TO_32_BIT_CONVERSION = YES;
				GCC_WARN_ABOUT_RETURN_TYPE = YES_ERROR;
				GCC_WARN_UNDECLARED_SELECTOR = YES;
				GCC_WARN_UNINITIALIZED_AUTOS = YES_AGGRESSIVE;
				GCC_WARN_UNUSED_FUNCTION = YES;
				GCC_WARN_UNUSED_VARIABLE = YES;
				IPHONEOS_DEPLOYMENT_TARGET = 14.5;
				MTL_ENABLE_DEBUG_INFO = NO;
				MTL_FAST_MATH = YES;
				SDKROOT = iphoneos;
				SWIFT_COMPILATION_MODE = wholemodule;
				SWIFT_OPTIMIZATION_LEVEL = "-O";
				VALIDATE_PRODUCT = YES;
			};
			name = Release;
		};
		97E759B126AB9FA600884B17 /* Debug */ = {
			isa = XCBuildConfiguration;
			buildSettings = {
				ASSETCATALOG_COMPILER_APPICON_NAME = AppIcon;
				ASSETCATALOG_COMPILER_GLOBAL_ACCENT_COLOR_NAME = AccentColor;
				CLANG_ENABLE_MODULES = YES;
				CODE_SIGN_STYLE = Automatic;
				DEVELOPMENT_ASSET_PATHS = "\"EmojiArt/Preview Content\"";
				DEVELOPMENT_TEAM = JP9WVPYUFW;
				ENABLE_PREVIEWS = YES;
				INFOPLIST_FILE = EmojiArt/Info.plist;
				LD_RUNPATH_SEARCH_PATHS = (
					"$(inherited)",
					"@executable_path/Frameworks",
				);
				PRODUCT_BUNDLE_IDENTIFIER = HMAP.EmojiArt;
				PRODUCT_NAME = "$(TARGET_NAME)";
				SWIFT_OPTIMIZATION_LEVEL = "-Onone";
				SWIFT_VERSION = 5.0;
				TARGETED_DEVICE_FAMILY = "1,2";
			};
			name = Debug;
		};
		97E759B226AB9FA600884B17 /* Release */ = {
			isa = XCBuildConfiguration;
			buildSettings = {
				ASSETCATALOG_COMPILER_APPICON_NAME = AppIcon;
				ASSETCATALOG_COMPILER_GLOBAL_ACCENT_COLOR_NAME = AccentColor;
				CLANG_ENABLE_MODULES = YES;
				CODE_SIGN_STYLE = Automatic;
				DEVELOPMENT_ASSET_PATHS = "\"EmojiArt/Preview Content\"";
				DEVELOPMENT_TEAM = JP9WVPYUFW;
				ENABLE_PREVIEWS = YES;
				INFOPLIST_FILE = EmojiArt/Info.plist;
				LD_RUNPATH_SEARCH_PATHS = (
					"$(inherited)",
					"@executable_path/Frameworks",
				);
				PRODUCT_BUNDLE_IDENTIFIER = HMAP.EmojiArt;
				PRODUCT_NAME = "$(TARGET_NAME)";
				SWIFT_VERSION = 5.0;
				TARGETED_DEVICE_FAMILY = "1,2";
			};
			name = Release;
		};
/* End XCBuildConfiguration section */

/* Begin XCConfigurationList section */
		97E7599426AB9FA600884B17 /* Build configuration list for PBXProject "EmojiArt" */ = {
			isa = XCConfigurationList;
			buildConfigurations = (
				97E759AE26AB9FA600884B17 /* Debug */,
				97E759AF26AB9FA600884B17 /* Release */,
			);
			defaultConfigurationIsVisible = 0;
			defaultConfigurationName = Release;
		};
		97E759B026AB9FA600884B17 /* Build configuration list for PBXNativeTarget "EmojiArt" */ = {
			isa = XCConfigurationList;
			buildConfigurations = (
				97E759B126AB9FA600884B17 /* Debug */,
				97E759B226AB9FA600884B17 /* Release */,
			);
			defaultConfigurationIsVisible = 0;
			defaultConfigurationName = Release;
		};
/* End XCConfigurationList section */

/* Begin XCVersionGroup section */
		97E759A226AB9FA600884B17 /* EmojiArt.xcdatamodeld */ = {
			isa = XCVersionGroup;
			children = (
				97E759A326AB9FA600884B17 /* EmojiArt.xcdatamodel */,
			);
			currentVersion = 97E759A326AB9FA600884B17 /* EmojiArt.xcdatamodel */;
			path = EmojiArt.xcdatamodeld;
			sourceTree = "<group>";
			versionGroupType = wrapper.xcdatamodel;
		};
/* End XCVersionGroup section */
	};
	rootObject = 97E7599126AB9FA600884B17 /* Project object */;
}
