// !$*UTF8*$!
{
	archiveVersion = 1;
	classes = {
	};
	objectVersion = 50;
	objects = {

/* Begin PBXBuildFile section */
		97D4D71B26A4D84100322106 /* AppDelegate.swift in Sources */ = {isa = PBXBuildFile; fileRef = 97D4D71A26A4D84100322106 /* AppDelegate.swift */; };
		97D4D71D26A4D84100322106 /* SceneDelegate.swift in Sources */ = {isa = PBXBuildFile; fileRef = 97D4D71C26A4D84100322106 /* SceneDelegate.swift */; };
		97D4D72226A4D84100322106 /* Enroute.xcdatamodeld in Sources */ = {isa = PBXBuildFile; fileRef = 97D4D72026A4D84100322106 /* Enroute.xcdatamodeld */; };
		97D4D72426A4D84200322106 /* Assets.xcassets in Resources */ = {isa = PBXBuildFile; fileRef = 97D4D72326A4D84200322106 /* Assets.xcassets */; };
		97D4D72726A4D84200322106 /* Preview Assets.xcassets in Resources */ = {isa = PBXBuildFile; fileRef = 97D4D72626A4D84200322106 /* Preview Assets.xcassets */; };
		97D4D72A26A4D84200322106 /* LaunchScreen.storyboard in Resources */ = {isa = PBXBuildFile; fileRef = 97D4D72826A4D84200322106 /* LaunchScreen.storyboard */; };
		97D4D73326A4D96F00322106 /* FlightsEnrouteView.swift in Sources */ = {isa = PBXBuildFile; fileRef = 97D4D73126A4D96F00322106 /* FlightsEnrouteView.swift */; };
		97D4D73426A4D96F00322106 /* FilterFlights.swift in Sources */ = {isa = PBXBuildFile; fileRef = 97D4D73226A4D96F00322106 /* FilterFlights.swift */; };
		97D4D73F26A4E34600322106 /* FoundationExtensions.swift in Sources */ = {isa = PBXBuildFile; fileRef = 97D4D73E26A4E34600322106 /* FoundationExtensions.swift */; };
		97F7A0A126A78C8B001B9646 /* Airlines.swift in Sources */ = {isa = PBXBuildFile; fileRef = 97F7A09D26A78AFE001B9646 /* Airlines.swift */; };
		97F7A0A226A78C93001B9646 /* Airports.swift in Sources */ = {isa = PBXBuildFile; fileRef = 97F7A09E26A78AFE001B9646 /* Airports.swift */; };
		97F7A0A326A78C9B001B9646 /* FlightFetcher.swift in Sources */ = {isa = PBXBuildFile; fileRef = 97F7A09F26A78AFE001B9646 /* FlightFetcher.swift */; };
		97F7A0A726A78CCA001B9646 /* Airport.swift in Sources */ = {isa = PBXBuildFile; fileRef = 97F7A0A426A78CCA001B9646 /* Airport.swift */; };
		97F7A0A826A78CCA001B9646 /* Flight.swift in Sources */ = {isa = PBXBuildFile; fileRef = 97F7A0A626A78CCA001B9646 /* Flight.swift */; };
		97F7A0A926A78CCA001B9646 /* Airline.swift in Sources */ = {isa = PBXBuildFile; fileRef = 97F7A0A526A78CCA001B9646 /* Airline.swift */; };
		97F7A0B126A78D03001B9646 /* FlightAware+AirlineInfo.swift in Sources */ = {isa = PBXBuildFile; fileRef = 97F7A0B026A78D03001B9646 /* FlightAware+AirlineInfo.swift */; };
		97F7A0B226A78D03001B9646 /* FlightAwareRequest.swift in Sources */ = {isa = PBXBuildFile; fileRef = 97F7A0AC26A78D03001B9646 /* FlightAwareRequest.swift */; };
		97F7A0B326A78D03001B9646 /* FAFlight.swift in Sources */ = {isa = PBXBuildFile; fileRef = 97F7A0AB26A78D03001B9646 /* FAFlight.swift */; };
		97F7A0B426A78D03001B9646 /* FlightAware+AirportInfo.swift in Sources */ = {isa = PBXBuildFile; fileRef = 97F7A0AF26A78D03001B9646 /* FlightAware+AirportInfo.swift */; };
		97F7A0B526A78D03001B9646 /* FlightAware+Enroute.swift in Sources */ = {isa = PBXBuildFile; fileRef = 97F7A0AD26A78D03001B9646 /* FlightAware+Enroute.swift */; };
		97F7A0B626A78D03001B9646 /* FlightSimulationData.swift in Sources */ = {isa = PBXBuildFile; fileRef = 97F7A0AE26A78D03001B9646 /* FlightSimulationData.swift */; };
/* End PBXBuildFile section */

/* Begin PBXFileReference section */
		97D4D71726A4D84100322106 /* Enroute.app */ = {isa = PBXFileReference; explicitFileType = wrapper.application; includeInIndex = 0; path = Enroute.app; sourceTree = BUILT_PRODUCTS_DIR; };
		97D4D71A26A4D84100322106 /* AppDelegate.swift */ = {isa = PBXFileReference; lastKnownFileType = sourcecode.swift; path = AppDelegate.swift; sourceTree = "<group>"; };
		97D4D71C26A4D84100322106 /* SceneDelegate.swift */ = {isa = PBXFileReference; lastKnownFileType = sourcecode.swift; path = SceneDelegate.swift; sourceTree = "<group>"; };
		97D4D72126A4D84100322106 /* Enroute.xcdatamodel */ = {isa = PBXFileReference; lastKnownFileType = wrapper.xcdatamodel; path = Enroute.xcdatamodel; sourceTree = "<group>"; };
		97D4D72326A4D84200322106 /* Assets.xcassets */ = {isa = PBXFileReference; lastKnownFileType = folder.assetcatalog; path = Assets.xcassets; sourceTree = "<group>"; };
		97D4D72626A4D84200322106 /* Preview Assets.xcassets */ = {isa = PBXFileReference; lastKnownFileType = folder.assetcatalog; path = "Preview Assets.xcassets"; sourceTree = "<group>"; };
		97D4D72926A4D84200322106 /* Base */ = {isa = PBXFileReference; lastKnownFileType = file.storyboard; name = Base; path = Base.lproj/LaunchScreen.storyboard; sourceTree = "<group>"; };
		97D4D72B26A4D84200322106 /* Info.plist */ = {isa = PBXFileReference; lastKnownFileType = text.plist.xml; path = Info.plist; sourceTree = "<group>"; };
		97D4D73126A4D96F00322106 /* FlightsEnrouteView.swift */ = {isa = PBXFileReference; fileEncoding = 4; lastKnownFileType = sourcecode.swift; name = FlightsEnrouteView.swift; path = "../../Enroute L12/Enroute/FlightsEnrouteView.swift"; sourceTree = "<group>"; };
		97D4D73226A4D96F00322106 /* FilterFlights.swift */ = {isa = PBXFileReference; fileEncoding = 4; lastKnownFileType = sourcecode.swift; name = FilterFlights.swift; path = "../../Enroute L12/Enroute/FilterFlights.swift"; sourceTree = "<group>"; };
		97D4D73E26A4E34600322106 /* FoundationExtensions.swift */ = {isa = PBXFileReference; fileEncoding = 4; lastKnownFileType = sourcecode.swift; name = FoundationExtensions.swift; path = "../../Enroute L12/Enroute/FoundationExtensions.swift"; sourceTree = "<group>"; };
		97F7A09D26A78AFE001B9646 /* Airlines.swift */ = {isa = PBXFileReference; lastKnownFileType = sourcecode.swift; path = Airlines.swift; sourceTree = "<group>"; };
		97F7A09E26A78AFE001B9646 /* Airports.swift */ = {isa = PBXFileReference; lastKnownFileType = sourcecode.swift; path = Airports.swift; sourceTree = "<group>"; };
		97F7A09F26A78AFE001B9646 /* FlightFetcher.swift */ = {isa = PBXFileReference; lastKnownFileType = sourcecode.swift; path = FlightFetcher.swift; sourceTree = "<group>"; };
		97F7A0A426A78CCA001B9646 /* Airport.swift */ = {isa = PBXFileReference; lastKnownFileType = sourcecode.swift; path = Airport.swift; sourceTree = "<group>"; };
		97F7A0A526A78CCA001B9646 /* Airline.swift */ = {isa = PBXFileReference; lastKnownFileType = sourcecode.swift; path = Airline.swift; sourceTree = "<group>"; };
		97F7A0A626A78CCA001B9646 /* Flight.swift */ = {isa = PBXFileReference; lastKnownFileType = sourcecode.swift; path = Flight.swift; sourceTree = "<group>"; };
		97F7A0AB26A78D03001B9646 /* FAFlight.swift */ = {isa = PBXFileReference; lastKnownFileType = sourcecode.swift; path = FAFlight.swift; sourceTree = "<group>"; };
		97F7A0AC26A78D03001B9646 /* FlightAwareRequest.swift */ = {isa = PBXFileReference; lastKnownFileType = sourcecode.swift; path = FlightAwareRequest.swift; sourceTree = "<group>"; };
		97F7A0AD26A78D03001B9646 /* FlightAware+Enroute.swift */ = {isa = PBXFileReference; lastKnownFileType = sourcecode.swift; path = "FlightAware+Enroute.swift"; sourceTree = "<group>"; };
		97F7A0AE26A78D03001B9646 /* FlightSimulationData.swift */ = {isa = PBXFileReference; lastKnownFileType = sourcecode.swift; path = FlightSimulationData.swift; sourceTree = "<group>"; };
		97F7A0AF26A78D03001B9646 /* FlightAware+AirportInfo.swift */ = {isa = PBXFileReference; lastKnownFileType = sourcecode.swift; path = "FlightAware+AirportInfo.swift"; sourceTree = "<group>"; };
		97F7A0B026A78D03001B9646 /* FlightAware+AirlineInfo.swift */ = {isa = PBXFileReference; lastKnownFileType = sourcecode.swift; path = "FlightAware+AirlineInfo.swift"; sourceTree = "<group>"; };
/* End PBXFileReference section */

/* Begin PBXFrameworksBuildPhase section */
		97D4D71426A4D84100322106 /* Frameworks */ = {
			isa = PBXFrameworksBuildPhase;
			buildActionMask = 2147483647;
			files = (
			);
			runOnlyForDeploymentPostprocessing = 0;
		};
/* End PBXFrameworksBuildPhase section */

/* Begin PBXGroup section */
		97D4D70E26A4D84100322106 = {
			isa = PBXGroup;
			children = (
				97D4D71926A4D84100322106 /* Enroute */,
				97D4D71826A4D84100322106 /* Products */,
			);
			sourceTree = "<group>";
		};
		97D4D71826A4D84100322106 /* Products */ = {
			isa = PBXGroup;
			children = (
				97D4D71726A4D84100322106 /* Enroute.app */,
			);
			name = Products;
			sourceTree = "<group>";
		};
		97D4D71926A4D84100322106 /* Enroute */ = {
			isa = PBXGroup;
			children = (
				97D4D73226A4D96F00322106 /* FilterFlights.swift */,
				97D4D73126A4D96F00322106 /* FlightsEnrouteView.swift */,
				97F7A0AA26A78CF0001B9646 /* L12 */,
				97F7A09C26A78AFE001B9646 /* L11 */,
				97F7A0B726A78D20001B9646 /* FlightAware */,
				97D4D73E26A4E34600322106 /* FoundationExtensions.swift */,
				97D4D72326A4D84200322106 /* Assets.xcassets */,
				97D4D71A26A4D84100322106 /* AppDelegate.swift */,
				97D4D71C26A4D84100322106 /* SceneDelegate.swift */,
				97D4D72826A4D84200322106 /* LaunchScreen.storyboard */,
				97D4D72B26A4D84200322106 /* Info.plist */,
				97D4D72026A4D84100322106 /* Enroute.xcdatamodeld */,
				97D4D72526A4D84200322106 /* Preview Content */,
			);
			path = Enroute;
			sourceTree = "<group>";
		};
		97D4D72526A4D84200322106 /* Preview Content */ = {
			isa = PBXGroup;
			children = (
				97D4D72626A4D84200322106 /* Preview Assets.xcassets */,
			);
			path = "Preview Content";
			sourceTree = "<group>";
		};
		97F7A09C26A78AFE001B9646 /* L11 */ = {
			isa = PBXGroup;
			children = (
				97F7A09D26A78AFE001B9646 /* Airlines.swift */,
				97F7A09E26A78AFE001B9646 /* Airports.swift */,
				97F7A09F26A78AFE001B9646 /* FlightFetcher.swift */,
			);
			path = L11;
			sourceTree = "<group>";
		};
		97F7A0AA26A78CF0001B9646 /* L12 */ = {
			isa = PBXGroup;
			children = (
				97F7A0A526A78CCA001B9646 /* Airline.swift */,
				97F7A0A426A78CCA001B9646 /* Airport.swift */,
				97F7A0A626A78CCA001B9646 /* Flight.swift */,
			);
			path = L12;
			sourceTree = "<group>";
		};
		97F7A0B726A78D20001B9646 /* FlightAware */ = {
			isa = PBXGroup;
			children = (
				97F7A0AB26A78D03001B9646 /* FAFlight.swift */,
				97F7A0B026A78D03001B9646 /* FlightAware+AirlineInfo.swift */,
				97F7A0AF26A78D03001B9646 /* FlightAware+AirportInfo.swift */,
				97F7A0AD26A78D03001B9646 /* FlightAware+Enroute.swift */,
				97F7A0AC26A78D03001B9646 /* FlightAwareRequest.swift */,
				97F7A0AE26A78D03001B9646 /* FlightSimulationData.swift */,
			);
			path = FlightAware;
			sourceTree = "<group>";
		};
/* End PBXGroup section */

/* Begin PBXNativeTarget section */
		97D4D71626A4D84100322106 /* Enroute */ = {
			isa = PBXNativeTarget;
			buildConfigurationList = 97D4D72E26A4D84200322106 /* Build configuration list for PBXNativeTarget "Enroute" */;
			buildPhases = (
				97D4D71326A4D84100322106 /* Sources */,
				97D4D71426A4D84100322106 /* Frameworks */,
				97D4D71526A4D84100322106 /* Resources */,
			);
			buildRules = (
			);
			dependencies = (
			);
			name = Enroute;
			productName = Enroute;
			productReference = 97D4D71726A4D84100322106 /* Enroute.app */;
			productType = "com.apple.product-type.application";
		};
/* End PBXNativeTarget section */

/* Begin PBXProject section */
		97D4D70F26A4D84100322106 /* Project object */ = {
			isa = PBXProject;
			attributes = {
				LastSwiftUpdateCheck = 1250;
				LastUpgradeCheck = 1250;
				TargetAttributes = {
					97D4D71626A4D84100322106 = {
						CreatedOnToolsVersion = 12.5.1;
					};
				};
			};
			buildConfigurationList = 97D4D71226A4D84100322106 /* Build configuration list for PBXProject "Enroute" */;
			compatibilityVersion = "Xcode 9.3";
			developmentRegion = en;
			hasScannedForEncodings = 0;
			knownRegions = (
				en,
				Base,
			);
			mainGroup = 97D4D70E26A4D84100322106;
			productRefGroup = 97D4D71826A4D84100322106 /* Products */;
			projectDirPath = "";
			projectRoot = "";
			targets = (
				97D4D71626A4D84100322106 /* Enroute */,
			);
		};
/* End PBXProject section */

/* Begin PBXResourcesBuildPhase section */
		97D4D71526A4D84100322106 /* Resources */ = {
			isa = PBXResourcesBuildPhase;
			buildActionMask = 2147483647;
			files = (
				97D4D72A26A4D84200322106 /* LaunchScreen.storyboard in Resources */,
				97D4D72726A4D84200322106 /* Preview Assets.xcassets in Resources */,
				97D4D72426A4D84200322106 /* Assets.xcassets in Resources */,
			);
			runOnlyForDeploymentPostprocessing = 0;
		};
/* End PBXResourcesBuildPhase section */

/* Begin PBXSourcesBuildPhase section */
		97D4D71326A4D84100322106 /* Sources */ = {
			isa = PBXSourcesBuildPhase;
			buildActionMask = 2147483647;
			files = (
				97F7A0A926A78CCA001B9646 /* Airline.swift in Sources */,
				97D4D71B26A4D84100322106 /* AppDelegate.swift in Sources */,
				97F7A0A326A78C9B001B9646 /* FlightFetcher.swift in Sources */,
				97F7A0A126A78C8B001B9646 /* Airlines.swift in Sources */,
				97D4D73426A4D96F00322106 /* FilterFlights.swift in Sources */,
				97F7A0B526A78D03001B9646 /* FlightAware+Enroute.swift in Sources */,
				97D4D71D26A4D84100322106 /* SceneDelegate.swift in Sources */,
				97F7A0A726A78CCA001B9646 /* Airport.swift in Sources */,
				97F7A0B126A78D03001B9646 /* FlightAware+AirlineInfo.swift in Sources */,
				97F7A0B226A78D03001B9646 /* FlightAwareRequest.swift in Sources */,
				97D4D72226A4D84100322106 /* Enroute.xcdatamodeld in Sources */,
				97F7A0B326A78D03001B9646 /* FAFlight.swift in Sources */,
				97F7A0B626A78D03001B9646 /* FlightSimulationData.swift in Sources */,
				97F7A0A226A78C93001B9646 /* Airports.swift in Sources */,
				97D4D73326A4D96F00322106 /* FlightsEnrouteView.swift in Sources */,
				97F7A0A826A78CCA001B9646 /* Flight.swift in Sources */,
				97F7A0B426A78D03001B9646 /* FlightAware+AirportInfo.swift in Sources */,
				97D4D73F26A4E34600322106 /* FoundationExtensions.swift in Sources */,
			);
			runOnlyForDeploymentPostprocessing = 0;
		};
/* End PBXSourcesBuildPhase section */

/* Begin PBXVariantGroup section */
		97D4D72826A4D84200322106 /* LaunchScreen.storyboard */ = {
			isa = PBXVariantGroup;
			children = (
				97D4D72926A4D84200322106 /* Base */,
			);
			name = LaunchScreen.storyboard;
			sourceTree = "<group>";
		};
/* End PBXVariantGroup section */

/* Begin XCBuildConfiguration section */
		97D4D72C26A4D84200322106 /* Debug */ = {
			isa = XCBuildConfiguration;
			buildSettings = {
				ALWAYS_SEARCH_USER_PATHS = NO;
				CLANG_ANALYZER_NONNULL = YES;
				CLANG_ANALYZER_NUMBER_OBJECT_CONVERSION = YES_AGGRESSIVE;
				CLANG_CXX_LANGUAGE_STANDARD = "gnu++14";
				CLANG_CXX_LIBRARY = "libc++";
				CLANG_ENABLE_MODULES = YES;
				CLANG_ENABLE_OBJC_ARC = YES;
				CLANG_ENABLE_OBJC_WEAK = YES;
				CLANG_WARN_BLOCK_CAPTURE_AUTORELEASING = YES;
				CLANG_WARN_BOOL_CONVERSION = YES;
				CLANG_WARN_COMMA = YES;
				CLANG_WARN_CONSTANT_CONVERSION = YES;
				CLANG_WARN_DEPRECATED_OBJC_IMPLEMENTATIONS = YES;
				CLANG_WARN_DIRECT_OBJC_ISA_USAGE = YES_ERROR;
				CLANG_WARN_DOCUMENTATION_COMMENTS = YES;
				CLANG_WARN_EMPTY_BODY = YES;
				CLANG_WARN_ENUM_CONVERSION = YES;
				CLANG_WARN_INFINITE_RECURSION = YES;
				CLANG_WARN_INT_CONVERSION = YES;
				CLANG_WARN_NON_LITERAL_NULL_CONVERSION = YES;
				CLANG_WARN_OBJC_IMPLICIT_RETAIN_SELF = YES;
				CLANG_WARN_OBJC_LITERAL_CONVERSION = YES;
				CLANG_WARN_OBJC_ROOT_CLASS = YES_ERROR;
				CLANG_WARN_QUOTED_INCLUDE_IN_FRAMEWORK_HEADER = YES;
				CLANG_WARN_RANGE_LOOP_ANALYSIS = YES;
				CLANG_WARN_STRICT_PROTOTYPES = YES;
				CLANG_WARN_SUSPICIOUS_MOVE = YES;
				CLANG_WARN_UNGUARDED_AVAILABILITY = YES_AGGRESSIVE;
				CLANG_WARN_UNREACHABLE_CODE = YES;
				CLANG_WARN__DUPLICATE_METHOD_MATCH = YES;
				COPY_PHASE_STRIP = NO;
				DEBUG_INFORMATION_FORMAT = dwarf;
				ENABLE_STRICT_OBJC_MSGSEND = YES;
				ENABLE_TESTABILITY = YES;
				GCC_C_LANGUAGE_STANDARD = gnu11;
				GCC_DYNAMIC_NO_PIC = NO;
				GCC_NO_COMMON_BLOCKS = YES;
				GCC_OPTIMIZATION_LEVEL = 0;
				GCC_PREPROCESSOR_DEFINITIONS = (
					"DEBUG=1",
					"$(inherited)",
				);
				GCC_WARN_64_TO_32_BIT_CONVERSION = YES;
				GCC_WARN_ABOUT_RETURN_TYPE = YES_ERROR;
				GCC_WARN_UNDECLARED_SELECTOR = YES;
				GCC_WARN_UNINITIALIZED_AUTOS = YES_AGGRESSIVE;
				GCC_WARN_UNUSED_FUNCTION = YES;
				GCC_WARN_UNUSED_VARIABLE = YES;
				IPHONEOS_DEPLOYMENT_TARGET = 14.5;
				MTL_ENABLE_DEBUG_INFO = INCLUDE_SOURCE;
				MTL_FAST_MATH = YES;
				ONLY_ACTIVE_ARCH = YES;
				SDKROOT = iphoneos;
				SWIFT_ACTIVE_COMPILATION_CONDITIONS = DEBUG;
				SWIFT_OPTIMIZATION_LEVEL = "-Onone";
			};
			name = Debug;
		};
		97D4D72D26A4D84200322106 /* Release */ = {
			isa = XCBuildConfiguration;
			buildSettings = {
				ALWAYS_SEARCH_USER_PATHS = NO;
				CLANG_ANALYZER_NONNULL = YES;
				CLANG_ANALYZER_NUMBER_OBJECT_CONVERSION = YES_AGGRESSIVE;
				CLANG_CXX_LANGUAGE_STANDARD = "gnu++14";
				CLANG_CXX_LIBRARY = "libc++";
				CLANG_ENABLE_MODULES = YES;
				CLANG_ENABLE_OBJC_ARC = YES;
				CLANG_ENABLE_OBJC_WEAK = YES;
				CLANG_WARN_BLOCK_CAPTURE_AUTORELEASING = YES;
				CLANG_WARN_BOOL_CONVERSION = YES;
				CLANG_WARN_COMMA = YES;
				CLANG_WARN_CONSTANT_CONVERSION = YES;
				CLANG_WARN_DEPRECATED_OBJC_IMPLEMENTATIONS = YES;
				CLANG_WARN_DIRECT_OBJC_ISA_USAGE = YES_ERROR;
				CLANG_WARN_DOCUMENTATION_COMMENTS = YES;
				CLANG_WARN_EMPTY_BODY = YES;
				CLANG_WARN_ENUM_CONVERSION = YES;
				CLANG_WARN_INFINITE_RECURSION = YES;
				CLANG_WARN_INT_CONVERSION = YES;
				CLANG_WARN_NON_LITERAL_NULL_CONVERSION = YES;
				CLANG_WARN_OBJC_IMPLICIT_RETAIN_SELF = YES;
				CLANG_WARN_OBJC_LITERAL_CONVERSION = YES;
				CLANG_WARN_OBJC_ROOT_CLASS = YES_ERROR;
				CLANG_WARN_QUOTED_INCLUDE_IN_FRAMEWORK_HEADER = YES;
				CLANG_WARN_RANGE_LOOP_ANALYSIS = YES;
				CLANG_WARN_STRICT_PROTOTYPES = YES;
				CLANG_WARN_SUSPICIOUS_MOVE = YES;
				CLANG_WARN_UNGUARDED_AVAILABILITY = YES_AGGRESSIVE;
				CLANG_WARN_UNREACHABLE_CODE = YES;
				CLANG_WARN__DUPLICATE_METHOD_MATCH = YES;
				COPY_PHASE_STRIP = NO;
				DEBUG_INFORMATION_FORMAT = "dwarf-with-dsym";
				ENABLE_NS_ASSERTIONS = NO;
				ENABLE_STRICT_OBJC_MSGSEND = YES;
				GCC_C_LANGUAGE_STANDARD = gnu11;
				GCC_NO_COMMON_BLOCKS = YES;
				GCC_WARN_64_TO_32_BIT_CONVERSION = YES;
				GCC_WARN_ABOUT_RETURN_TYPE = YES_ERROR;
				GCC_WARN_UNDECLARED_SELECTOR = YES;
				GCC_WARN_UNINITIALIZED_AUTOS = YES_AGGRESSIVE;
				GCC_WARN_UNUSED_FUNCTION = YES;
				GCC_WARN_UNUSED_VARIABLE = YES;
				IPHONEOS_DEPLOYMENT_TARGET = 14.5;
				MTL_ENABLE_DEBUG_INFO = NO;
				MTL_FAST_MATH = YES;
				SDKROOT = iphoneos;
				SWIFT_COMPILATION_MODE = wholemodule;
				SWIFT_OPTIMIZATION_LEVEL = "-O";
				VALIDATE_PRODUCT = YES;
			};
			name = Release;
		};
		97D4D72F26A4D84200322106 /* Debug */ = {
			isa = XCBuildConfiguration;
			buildSettings = {
				ASSETCATALOG_COMPILER_APPICON_NAME = AppIcon;
				ASSETCATALOG_COMPILER_GLOBAL_ACCENT_COLOR_NAME = AccentColor;
				CODE_SIGN_STYLE = Automatic;
				DEVELOPMENT_ASSET_PATHS = "\"Enroute/Preview Content\"";
				DEVELOPMENT_TEAM = JP9WVPYUFW;
				ENABLE_PREVIEWS = YES;
				INFOPLIST_FILE = Enroute/Info.plist;
				LD_RUNPATH_SEARCH_PATHS = (
					"$(inherited)",
					"@executable_path/Frameworks",
				);
				PRODUCT_BUNDLE_IDENTIFIER = HMAP.Enroute;
				PRODUCT_NAME = "$(TARGET_NAME)";
				SWIFT_VERSION = 5.0;
				TARGETED_DEVICE_FAMILY = "1,2";
			};
			name = Debug;
		};
		97D4D73026A4D84200322106 /* Release */ = {
			isa = XCBuildConfiguration;
			buildSettings = {
				ASSETCATALOG_COMPILER_APPICON_NAME = AppIcon;
				ASSETCATALOG_COMPILER_GLOBAL_ACCENT_COLOR_NAME = AccentColor;
				CODE_SIGN_STYLE = Automatic;
				DEVELOPMENT_ASSET_PATHS = "\"Enroute/Preview Content\"";
				DEVELOPMENT_TEAM = JP9WVPYUFW;
				ENABLE_PREVIEWS = YES;
				INFOPLIST_FILE = Enroute/Info.plist;
				LD_RUNPATH_SEARCH_PATHS = (
					"$(inherited)",
					"@executable_path/Frameworks",
				);
				PRODUCT_BUNDLE_IDENTIFIER = HMAP.Enroute;
				PRODUCT_NAME = "$(TARGET_NAME)";
				SWIFT_VERSION = 5.0;
				TARGETED_DEVICE_FAMILY = "1,2";
			};
			name = Release;
		};
/* End XCBuildConfiguration section */

/* Begin XCConfigurationList section */
		97D4D71226A4D84100322106 /* Build configuration list for PBXProject "Enroute" */ = {
			isa = XCConfigurationList;
			buildConfigurations = (
				97D4D72C26A4D84200322106 /* Debug */,
				97D4D72D26A4D84200322106 /* Release */,
			);
			defaultConfigurationIsVisible = 0;
			defaultConfigurationName = Release;
		};
		97D4D72E26A4D84200322106 /* Build configuration list for PBXNativeTarget "Enroute" */ = {
			isa = XCConfigurationList;
			buildConfigurations = (
				97D4D72F26A4D84200322106 /* Debug */,
				97D4D73026A4D84200322106 /* Release */,
			);
			defaultConfigurationIsVisible = 0;
			defaultConfigurationName = Release;
		};
/* End XCConfigurationList section */

/* Begin XCVersionGroup section */
		97D4D72026A4D84100322106 /* Enroute.xcdatamodeld */ = {
			isa = XCVersionGroup;
			children = (
				97D4D72126A4D84100322106 /* Enroute.xcdatamodel */,
			);
			currentVersion = 97D4D72126A4D84100322106 /* Enroute.xcdatamodel */;
			path = Enroute.xcdatamodeld;
			sourceTree = "<group>";
			versionGroupType = wrapper.xcdatamodel;
		};
/* End XCVersionGroup section */
	};
	rootObject = 97D4D70F26A4D84100322106 /* Project object */;
}
